
Microsoft Visual Studio Solution File, Format Version 12.00
# Visual Studio Version 17
VisualStudioVersion = 17.14.36414.22 d17.14
MinimumVisualStudioVersion = 10.0.40219.1
Project("{FAE04EC0-301F-11D3-BF4B-00C04F79EFBC}") = "InsanaRPG", "InsanaRPG.csproj", "{31CC0731-19AD-4DE8-8C92-3502BD2B9F37}"
EndProject
Global
	GlobalSection(SolutionConfigurationPlatforms) = preSolution
		Debug|Any CPU = Debug|Any CPU
		Release|Any CPU = Release|Any CPU
	EndGlobalSection
	GlobalSection(ProjectConfigurationPlatforms) = postSolution
		{31CC0731-19AD-4DE8-8C92-3502BD2B9F37}.Debug|Any CPU.ActiveCfg = Debug|Any CPU
		{31CC0731-19AD-4DE8-8C92-3502BD2B9F37}.Debug|Any CPU.Build.0 = Debug|Any CPU
		{31CC0731-19AD-4DE8-8C92-3502BD2B9F37}.Release|Any CPU.ActiveCfg = Release|Any CPU
		{31CC0731-19AD-4DE8-8C92-3502BD2B9F37}.Release|Any CPU.Build.0 = Release|Any CPU
	EndGlobalSection
	GlobalSection(SolutionProperties) = preSolution
		HideSolutionNode = FALSE
	EndGlobalSection
	GlobalSection(ExtensibilityGlobals) = postSolution
		SolutionGuid = {76F84873-1551-4D2C-B0D8-0EC8C5A329D7}
	EndGlobalSection
EndGlobal
