
Microsoft Visual Studio Solution File, Format Version 12.00
# Visual Studio 15
Project("{FAE04EC0-301F-11D3-BF4B-00C04F79EFBC}") = "Assembly-CSharp", "Assembly-CSharp.csproj", "{EFE21763-D998-E6FF-782A-5F4D8C305745}"
EndProject
Project("{FAE04EC0-301F-11D3-BF4B-00C04F79EFBC}") = "Assembly-CSharp-Editor", "Assembly-CSharp-Editor.csproj", "{87B20ACB-82F0-231F-AC1B-D1E365A72CEE}"
EndProject
Global
	GlobalSection(SolutionConfigurationPlatforms) = preSolution
		Debug|Any CPU = Debug|Any CPU
		Release|Any CPU = Release|Any CPU
	EndGlobalSection
	GlobalSection(ProjectConfigurationPlatforms) = postSolution
		{EFE21763-D998-E6FF-782A-5F4D8C305745}.Debug|Any CPU.ActiveCfg = Debug|Any CPU
		{EFE21763-D998-E6FF-782A-5F4D8C305745}.Debug|Any CPU.Build.0 = Debug|Any CPU
		{EFE21763-D998-E6FF-782A-5F4D8C305745}.Release|Any CPU.ActiveCfg = Release|Any CPU
		{EFE21763-D998-E6FF-782A-5F4D8C305745}.Release|Any CPU.Build.0 = Release|Any CPU
		{87B20ACB-82F0-231F-AC1B-D1E365A72CEE}.Debug|Any CPU.ActiveCfg = Debug|Any CPU
		{87B20ACB-82F0-231F-AC1B-D1E365A72CEE}.Debug|Any CPU.Build.0 = Debug|Any CPU
		{87B20ACB-82F0-231F-AC1B-D1E365A72CEE}.Release|Any CPU.ActiveCfg = Release|Any CPU
		{87B20ACB-82F0-231F-AC1B-D1E365A72CEE}.Release|Any CPU.Build.0 = Release|Any CPU
	EndGlobalSection
	GlobalSection(SolutionProperties) = preSolution
		HideSolutionNode = FALSE
	EndGlobalSection
EndGlobal
