
Microsoft Visual Studio Solution File, Format Version 12.00
# Visual Studio 15
Project("{FAE04EC0-301F-11D3-BF4B-00C04F79EFBC}") = "Assembly-CSharp", "Assembly-CSharp.csproj", "{53621733-053E-CC27-4422-682EB41DA879}"
EndProject
Project("{FAE04EC0-301F-11D3-BF4B-00C04F79EFBC}") = "Assembly-CSharp-Editor", "Assembly-CSharp-Editor.csproj", "{DA53686D-8263-8957-0AC5-FBF242221C97}"
EndProject
Global
	GlobalSection(SolutionConfigurationPlatforms) = preSolution
		Debug|Any CPU = Debug|Any CPU
		Release|Any CPU = Release|Any CPU
	EndGlobalSection
	GlobalSection(ProjectConfigurationPlatforms) = postSolution
		{53621733-053E-CC27-4422-682EB41DA879}.Debug|Any CPU.ActiveCfg = Debug|Any CPU
		{53621733-053E-CC27-4422-682EB41DA879}.Debug|Any CPU.Build.0 = Debug|Any CPU
		{53621733-053E-CC27-4422-682EB41DA879}.Release|Any CPU.ActiveCfg = Release|Any CPU
		{53621733-053E-CC27-4422-682EB41DA879}.Release|Any CPU.Build.0 = Release|Any CPU
		{DA53686D-8263-8957-0AC5-FBF242221C97}.Debug|Any CPU.ActiveCfg = Debug|Any CPU
		{DA53686D-8263-8957-0AC5-FBF242221C97}.Debug|Any CPU.Build.0 = Debug|Any CPU
		{DA53686D-8263-8957-0AC5-FBF242221C97}.Release|Any CPU.ActiveCfg = Release|Any CPU
		{DA53686D-8263-8957-0AC5-FBF242221C97}.Release|Any CPU.Build.0 = Release|Any CPU
	EndGlobalSection
	GlobalSection(SolutionProperties) = preSolution
		HideSolutionNode = FALSE
	EndGlobalSection
EndGlobal
